// !$*UTF8*$!
{
	archiveVersion = 1;
	classes = {
	};
	objectVersion = 46;
	objects = {

/* Begin PBXBuildFile section */
		1415A8CF16A72D48004D15EB /* UIKit.framework in Frameworks */ = {isa = PBXBuildFile; fileRef = 1415A8CE16A72D48004D15EB /* UIKit.framework */; };
		1415A8D116A72D48004D15EB /* Foundation.framework in Frameworks */ = {isa = PBXBuildFile; fileRef = 1415A8D016A72D48004D15EB /* Foundation.framework */; };
		1415A8D316A72D48004D15EB /* CoreGraphics.framework in Frameworks */ = {isa = PBXBuildFile; fileRef = 1415A8D216A72D48004D15EB /* CoreGraphics.framework */; };
		1415A8D916A72D48004D15EB /* InfoPlist.strings in Resources */ = {isa = PBXBuildFile; fileRef = 1415A8D716A72D48004D15EB /* InfoPlist.strings */; };
		1415A8DB16A72D48004D15EB /* main.m in Sources */ = {isa = PBXBuildFile; fileRef = 1415A8DA16A72D48004D15EB /* main.m */; };
		1415A8DF16A72D48004D15EB /* AppDelegate.m in Sources */ = {isa = PBXBuildFile; fileRef = 1415A8DE16A72D48004D15EB /* AppDelegate.m */; };
		1415A8E116A72D48004D15EB /* Default.png in Resources */ = {isa = PBXBuildFile; fileRef = 1415A8E016A72D48004D15EB /* Default.png */; };
		1415A8E316A72D48004D15EB /* Default@2x.png in Resources */ = {isa = PBXBuildFile; fileRef = 1415A8E216A72D48004D15EB /* Default@2x.png */; };
		1415A8E516A72D48004D15EB /* Default-568h@2x.png in Resources */ = {isa = PBXBuildFile; fileRef = 1415A8E416A72D48004D15EB /* Default-568h@2x.png */; };
		1415A8E816A72D48004D15EB /* MainStoryboard.storyboard in Resources */ = {isa = PBXBuildFile; fileRef = 1415A8E616A72D48004D15EB /* MainStoryboard.storyboard */; };
		1415A8EB16A72D48004D15EB /* ConverterViewController.m in Sources */ = {isa = PBXBuildFile; fileRef = 1415A8EA16A72D48004D15EB /* ConverterViewController.m */; };
		1415A8F716A735B7004D15EB /* Conversions.m in Sources */ = {isa = PBXBuildFile; fileRef = 1415A8F616A735B7004D15EB /* Conversions.m */; };
		14E697A416B069AA005E9C4D /* spoon-original.png in Resources */ = {isa = PBXBuildFile; fileRef = 14E697A316B069AA005E9C4D /* spoon-original.png */; };
		14E697A716B069E0005E9C4D /* spoon-retina.png in Resources */ = {isa = PBXBuildFile; fileRef = 14E697A516B069E0005E9C4D /* spoon-retina.png */; };
		14E697A816B069E0005E9C4D /* spoon-small.png in Resources */ = {isa = PBXBuildFile; fileRef = 14E697A616B069E0005E9C4D /* spoon-small.png */; };
		14E697AA16B069EC005E9C4D /* spoon-retina.png in Resources */ = {isa = PBXBuildFile; fileRef = 14E697A916B069EC005E9C4D /* spoon-retina.png */; };
		14E697AC16B06A18005E9C4D /* spoon-small.png in Resources */ = {isa = PBXBuildFile; fileRef = 14E697AB16B06A18005E9C4D /* spoon-small.png */; };
/* End PBXBuildFile section */

/* Begin PBXFileReference section */
		1415A8CA16A72D48004D15EB /* Converter.app */ = {isa = PBXFileReference; explicitFileType = wrapper.application; includeInIndex = 0; path = Converter.app; sourceTree = BUILT_PRODUCTS_DIR; };
		1415A8CE16A72D48004D15EB /* UIKit.framework */ = {isa = PBXFileReference; lastKnownFileType = wrapper.framework; name = UIKit.framework; path = System/Library/Frameworks/UIKit.framework; sourceTree = SDKROOT; };
		1415A8D016A72D48004D15EB /* Foundation.framework */ = {isa = PBXFileReference; lastKnownFileType = wrapper.framework; name = Foundation.framework; path = System/Library/Frameworks/Foundation.framework; sourceTree = SDKROOT; };
		1415A8D216A72D48004D15EB /* CoreGraphics.framework */ = {isa = PBXFileReference; lastKnownFileType = wrapper.framework; name = CoreGraphics.framework; path = System/Library/Frameworks/CoreGraphics.framework; sourceTree = SDKROOT; };
		1415A8D616A72D48004D15EB /* Converter-Info.plist */ = {isa = PBXFileReference; lastKnownFileType = text.plist.xml; path = "Converter-Info.plist"; sourceTree = "<group>"; };
		1415A8D816A72D48004D15EB /* en */ = {isa = PBXFileReference; lastKnownFileType = text.plist.strings; name = en; path = en.lproj/InfoPlist.strings; sourceTree = "<group>"; };
		1415A8DA16A72D48004D15EB /* main.m */ = {isa = PBXFileReference; lastKnownFileType = sourcecode.c.objc; path = main.m; sourceTree = "<group>"; };
		1415A8DC16A72D48004D15EB /* Converter-Prefix.pch */ = {isa = PBXFileReference; lastKnownFileType = sourcecode.c.h; path = "Converter-Prefix.pch"; sourceTree = "<group>"; };
		1415A8DD16A72D48004D15EB /* AppDelegate.h */ = {isa = PBXFileReference; lastKnownFileType = sourcecode.c.h; path = AppDelegate.h; sourceTree = "<group>"; };
		1415A8DE16A72D48004D15EB /* AppDelegate.m */ = {isa = PBXFileReference; lastKnownFileType = sourcecode.c.objc; path = AppDelegate.m; sourceTree = "<group>"; };
		1415A8E016A72D48004D15EB /* Default.png */ = {isa = PBXFileReference; lastKnownFileType = image.png; path = Default.png; sourceTree = "<group>"; };
		1415A8E216A72D48004D15EB /* Default@2x.png */ = {isa = PBXFileReference; lastKnownFileType = image.png; path = "Default@2x.png"; sourceTree = "<group>"; };
		1415A8E416A72D48004D15EB /* Default-568h@2x.png */ = {isa = PBXFileReference; lastKnownFileType = image.png; path = "Default-568h@2x.png"; sourceTree = "<group>"; };
		1415A8E716A72D48004D15EB /* en */ = {isa = PBXFileReference; lastKnownFileType = file.storyboard; name = en; path = en.lproj/MainStoryboard.storyboard; sourceTree = "<group>"; };
		1415A8E916A72D48004D15EB /* ConverterViewController.h */ = {isa = PBXFileReference; lastKnownFileType = sourcecode.c.h; path = ConverterViewController.h; sourceTree = "<group>"; };
		1415A8EA16A72D48004D15EB /* ConverterViewController.m */ = {isa = PBXFileReference; lastKnownFileType = sourcecode.c.objc; path = ConverterViewController.m; sourceTree = "<group>"; };
		1415A8F516A735B7004D15EB /* Conversions.h */ = {isa = PBXFileReference; fileEncoding = 4; lastKnownFileType = sourcecode.c.h; path = Conversions.h; sourceTree = "<group>"; };
		1415A8F616A735B7004D15EB /* Conversions.m */ = {isa = PBXFileReference; fileEncoding = 4; lastKnownFileType = sourcecode.c.objc; path = Conversions.m; sourceTree = "<group>"; };
		14E697A316B069AA005E9C4D /* spoon-original.png */ = {isa = PBXFileReference; lastKnownFileType = image.png; name = "spoon-original.png"; path = "Converter/assets/spoon-original.png"; sourceTree = "<group>"; };
		14E697A516B069E0005E9C4D /* spoon-retina.png */ = {isa = PBXFileReference; lastKnownFileType = image.png; name = "spoon-retina.png"; path = "Converter/assets/spoon-retina.png"; sourceTree = "<group>"; };
		14E697A616B069E0005E9C4D /* spoon-small.png */ = {isa = PBXFileReference; lastKnownFileType = image.png; name = "spoon-small.png"; path = "Converter/assets/spoon-small.png"; sourceTree = "<group>"; };
		14E697A916B069EC005E9C4D /* spoon-retina.png */ = {isa = PBXFileReference; lastKnownFileType = image.png; path = "spoon-retina.png"; sourceTree = "<group>"; };
		14E697AB16B06A18005E9C4D /* spoon-small.png */ = {isa = PBXFileReference; lastKnownFileType = image.png; path = "spoon-small.png"; sourceTree = "<group>"; };
/* End PBXFileReference section */

/* Begin PBXFrameworksBuildPhase section */
		1415A8C716A72D48004D15EB /* Frameworks */ = {
			isa = PBXFrameworksBuildPhase;
			buildActionMask = 2147483647;
			files = (
				1415A8CF16A72D48004D15EB /* UIKit.framework in Frameworks */,
				1415A8D116A72D48004D15EB /* Foundation.framework in Frameworks */,
				1415A8D316A72D48004D15EB /* CoreGraphics.framework in Frameworks */,
			);
			runOnlyForDeploymentPostprocessing = 0;
		};
/* End PBXFrameworksBuildPhase section */

/* Begin PBXGroup section */
		1415A8BF16A72D48004D15EB = {
			isa = PBXGroup;
			children = (
				14E697AB16B06A18005E9C4D /* spoon-small.png */,
				14E697A916B069EC005E9C4D /* spoon-retina.png */,
				14E6979F16B0693F005E9C4D /* Assets */,
				1415A8D416A72D48004D15EB /* Converter */,
				1415A8CD16A72D48004D15EB /* Frameworks */,
				1415A8CB16A72D48004D15EB /* Products */,
			);
			sourceTree = "<group>";
		};
		1415A8CB16A72D48004D15EB /* Products */ = {
			isa = PBXGroup;
			children = (
				1415A8CA16A72D48004D15EB /* Converter.app */,
			);
			name = Products;
			sourceTree = "<group>";
		};
		1415A8CD16A72D48004D15EB /* Frameworks */ = {
			isa = PBXGroup;
			children = (
				1415A8CE16A72D48004D15EB /* UIKit.framework */,
				1415A8D016A72D48004D15EB /* Foundation.framework */,
				1415A8D216A72D48004D15EB /* CoreGraphics.framework */,
			);
			name = Frameworks;
			sourceTree = "<group>";
		};
		1415A8D416A72D48004D15EB /* Converter */ = {
			isa = PBXGroup;
			children = (
				1415A8DD16A72D48004D15EB /* AppDelegate.h */,
				1415A8DE16A72D48004D15EB /* AppDelegate.m */,
				1415A8F516A735B7004D15EB /* Conversions.h */,
				1415A8F616A735B7004D15EB /* Conversions.m */,
				1415A8E616A72D48004D15EB /* MainStoryboard.storyboard */,
				1415A8E916A72D48004D15EB /* ConverterViewController.h */,
				1415A8EA16A72D48004D15EB /* ConverterViewController.m */,
				1415A8D516A72D48004D15EB /* Supporting Files */,
			);
			path = Converter;
			sourceTree = "<group>";
		};
		1415A8D516A72D48004D15EB /* Supporting Files */ = {
			isa = PBXGroup;
			children = (
				1415A8D616A72D48004D15EB /* Converter-Info.plist */,
				1415A8D716A72D48004D15EB /* InfoPlist.strings */,
				1415A8DA16A72D48004D15EB /* main.m */,
				1415A8DC16A72D48004D15EB /* Converter-Prefix.pch */,
				1415A8E016A72D48004D15EB /* Default.png */,
				1415A8E216A72D48004D15EB /* Default@2x.png */,
				1415A8E416A72D48004D15EB /* Default-568h@2x.png */,
			);
			name = "Supporting Files";
			sourceTree = "<group>";
		};
		14E6979F16B0693F005E9C4D /* Assets */ = {
			isa = PBXGroup;
			children = (
				14E697A616B069E0005E9C4D /* spoon-small.png */,
				14E697A516B069E0005E9C4D /* spoon-retina.png */,
				14E697A316B069AA005E9C4D /* spoon-original.png */,
			);
			name = Assets;
			sourceTree = "<group>";
		};
/* End PBXGroup section */

/* Begin PBXNativeTarget section */
		1415A8C916A72D48004D15EB /* Converter */ = {
			isa = PBXNativeTarget;
			buildConfigurationList = 1415A8EE16A72D48004D15EB /* Build configuration list for PBXNativeTarget "Converter" */;
			buildPhases = (
				1415A8C616A72D48004D15EB /* Sources */,
				1415A8C716A72D48004D15EB /* Frameworks */,
				1415A8C816A72D48004D15EB /* Resources */,
			);
			buildRules = (
			);
			dependencies = (
			);
			name = Converter;
			productName = Converter;
			productReference = 1415A8CA16A72D48004D15EB /* Converter.app */;
			productType = "com.apple.product-type.application";
		};
/* End PBXNativeTarget section */

/* Begin PBXProject section */
		1415A8C116A72D48004D15EB /* Project object */ = {
			isa = PBXProject;
			attributes = {
				LastUpgradeCheck = 0450;
				ORGANIZATIONNAME = cgthornt;
			};
			buildConfigurationList = 1415A8C416A72D48004D15EB /* Build configuration list for PBXProject "Converter" */;
			compatibilityVersion = "Xcode 3.2";
			developmentRegion = English;
			hasScannedForEncodings = 0;
			knownRegions = (
				en,
			);
			mainGroup = 1415A8BF16A72D48004D15EB;
			productRefGroup = 1415A8CB16A72D48004D15EB /* Products */;
			projectDirPath = "";
			projectRoot = "";
			targets = (
				1415A8C916A72D48004D15EB /* Converter */,
			);
		};
/* End PBXProject section */

/* Begin PBXResourcesBuildPhase section */
		1415A8C816A72D48004D15EB /* Resources */ = {
			isa = PBXResourcesBuildPhase;
			buildActionMask = 2147483647;
			files = (
				1415A8D916A72D48004D15EB /* InfoPlist.strings in Resources */,
				1415A8E116A72D48004D15EB /* Default.png in Resources */,
				1415A8E316A72D48004D15EB /* Default@2x.png in Resources */,
				1415A8E516A72D48004D15EB /* Default-568h@2x.png in Resources */,
				1415A8E816A72D48004D15EB /* MainStoryboard.storyboard in Resources */,
				14E697A416B069AA005E9C4D /* spoon-original.png in Resources */,
				14E697A716B069E0005E9C4D /* spoon-retina.png in Resources */,
				14E697A816B069E0005E9C4D /* spoon-small.png in Resources */,
				14E697AA16B069EC005E9C4D /* spoon-retina.png in Resources */,
				14E697AC16B06A18005E9C4D /* spoon-small.png in Resources */,
			);
			runOnlyForDeploymentPostprocessing = 0;
		};
/* End PBXResourcesBuildPhase section */

/* Begin PBXSourcesBuildPhase section */
		1415A8C616A72D48004D15EB /* Sources */ = {
			isa = PBXSourcesBuildPhase;
			buildActionMask = 2147483647;
			files = (
				1415A8DB16A72D48004D15EB /* main.m in Sources */,
				1415A8DF16A72D48004D15EB /* AppDelegate.m in Sources */,
				1415A8EB16A72D48004D15EB /* ConverterViewController.m in Sources */,
				1415A8F716A735B7004D15EB /* Conversions.m in Sources */,
			);
			runOnlyForDeploymentPostprocessing = 0;
		};
/* End PBXSourcesBuildPhase section */

/* Begin PBXVariantGroup section */
		1415A8D716A72D48004D15EB /* InfoPlist.strings */ = {
			isa = PBXVariantGroup;
			children = (
				1415A8D816A72D48004D15EB /* en */,
			);
			name = InfoPlist.strings;
			sourceTree = "<group>";
		};
		1415A8E616A72D48004D15EB /* MainStoryboard.storyboard */ = {
			isa = PBXVariantGroup;
			children = (
				1415A8E716A72D48004D15EB /* en */,
			);
			name = MainStoryboard.storyboard;
			sourceTree = "<group>";
		};
/* End PBXVariantGroup section */

/* Begin XCBuildConfiguration section */
		1415A8EC16A72D48004D15EB /* Debug */ = {
			isa = XCBuildConfiguration;
			buildSettings = {
				ALWAYS_SEARCH_USER_PATHS = NO;
				CLANG_CXX_LANGUAGE_STANDARD = "gnu++0x";
				CLANG_CXX_LIBRARY = "libc++";
				CLANG_ENABLE_OBJC_ARC = YES;
				CLANG_WARN_EMPTY_BODY = YES;
				CLANG_WARN__DUPLICATE_METHOD_MATCH = YES;
				"CODE_SIGN_IDENTITY[sdk=iphoneos*]" = "iPhone Developer";
				COPY_PHASE_STRIP = NO;
				GCC_C_LANGUAGE_STANDARD = gnu99;
				GCC_DYNAMIC_NO_PIC = NO;
				GCC_OPTIMIZATION_LEVEL = 0;
				GCC_PREPROCESSOR_DEFINITIONS = (
					"DEBUG=1",
					"$(inherited)",
				);
				GCC_SYMBOLS_PRIVATE_EXTERN = NO;
				GCC_WARN_ABOUT_RETURN_TYPE = YES;
				GCC_WARN_UNINITIALIZED_AUTOS = YES;
				GCC_WARN_UNUSED_VARIABLE = YES;
				IPHONEOS_DEPLOYMENT_TARGET = 6.0;
				ONLY_ACTIVE_ARCH = YES;
				SDKROOT = iphoneos;
			};
			name = Debug;
		};
		1415A8ED16A72D48004D15EB /* Release */ = {
			isa = XCBuildConfiguration;
			buildSettings = {
				ALWAYS_SEARCH_USER_PATHS = NO;
				CLANG_CXX_LANGUAGE_STANDARD = "gnu++0x";
				CLANG_CXX_LIBRARY = "libc++";
				CLANG_ENABLE_OBJC_ARC = YES;
				CLANG_WARN_EMPTY_BODY = YES;
				CLANG_WARN__DUPLICATE_METHOD_MATCH = YES;
				"CODE_SIGN_IDENTITY[sdk=iphoneos*]" = "iPhone Developer";
				COPY_PHASE_STRIP = YES;
				GCC_C_LANGUAGE_STANDARD = gnu99;
				GCC_WARN_ABOUT_RETURN_TYPE = YES;
				GCC_WARN_UNINITIALIZED_AUTOS = YES;
				GCC_WARN_UNUSED_VARIABLE = YES;
				IPHONEOS_DEPLOYMENT_TARGET = 6.0;
				OTHER_CFLAGS = "-DNS_BLOCK_ASSERTIONS=1";
				SDKROOT = iphoneos;
				VALIDATE_PRODUCT = YES;
			};
			name = Release;
		};
		1415A8EF16A72D48004D15EB /* Debug */ = {
			isa = XCBuildConfiguration;
			buildSettings = {
				GCC_PRECOMPILE_PREFIX_HEADER = YES;
				GCC_PREFIX_HEADER = "Converter/Converter-Prefix.pch";
				INFOPLIST_FILE = "Converter/Converter-Info.plist";
				PRODUCT_NAME = "$(TARGET_NAME)";
				WRAPPER_EXTENSION = app;
			};
			name = Debug;
		};
		1415A8F016A72D48004D15EB /* Release */ = {
			isa = XCBuildConfiguration;
			buildSettings = {
				GCC_PRECOMPILE_PREFIX_HEADER = YES;
				GCC_PREFIX_HEADER = "Converter/Converter-Prefix.pch";
				INFOPLIST_FILE = "Converter/Converter-Info.plist";
				PRODUCT_NAME = "$(TARGET_NAME)";
				WRAPPER_EXTENSION = app;
			};
			name = Release;
		};
/* End XCBuildConfiguration section */

/* Begin XCConfigurationList section */
		1415A8C416A72D48004D15EB /* Build configuration list for PBXProject "Converter" */ = {
			isa = XCConfigurationList;
			buildConfigurations = (
				1415A8EC16A72D48004D15EB /* Debug */,
				1415A8ED16A72D48004D15EB /* Release */,
			);
			defaultConfigurationIsVisible = 0;
			defaultConfigurationName = Release;
		};
		1415A8EE16A72D48004D15EB /* Build configuration list for PBXNativeTarget "Converter" */ = {
			isa = XCConfigurationList;
			buildConfigurations = (
				1415A8EF16A72D48004D15EB /* Debug */,
				1415A8F016A72D48004D15EB /* Release */,
			);
			defaultConfigurationIsVisible = 0;
			defaultConfigurationName = Release;
		};
/* End XCConfigurationList section */
	};
	rootObject = 1415A8C116A72D48004D15EB /* Project object */;
}
